{
  "name": "hash_functions",
  "lockfileVersion": 2,
  "requires": true,
  "packages": {
    "": {
      "dependencies": {
        "fnv-lite": "^1.2.0",
        "wyhash": "1.0.0",
        "xxhashjs": "0.2.2"
      }
    },
    "node_modules/cuint": {
      "version": "0.2.2",
      "resolved": "https://registry.npmjs.org/cuint/-/cuint-0.2.2.tgz",
      "integrity": "sha512-d4ZVpCW31eWwCMe1YT3ur7mUDnTXbgwyzaL320DrcRT45rfjYxkt5QWLrmOJ+/UEAI2+fQgKe/fCjR8l4TpRgw=="
    },
    "node_modules/fnv-lite": {
      "version": "1.2.0",
      "resolved": "https://registry.npmjs.org/fnv-lite/-/fnv-lite-1.2.0.tgz",
      "integrity": "sha512-bWOFDuEm1ffmavTjpE8ep+3i1f3X+zy5DcO8Um2rPyWNZn+vV6Pdo1tAnYhTISHxgtF6M8tG1QwWXh+llMUOjQ=="
    },
    "node_modules/wyhash": {
      "version": "1.0.0",
      "resolved": "https://registry.npmjs.org/wyhash/-/wyhash-1.0.0.tgz",
      "integrity": "sha512-3mxXnm7JQTAkxyWcq+POKqUq1cU+Wd9jyhRdAHz2xGuwL1cGjK/xhr73c+/JljnKYaZmmyq6v0Vv3l6t64w8ZQ=="
    },
    "node_modules/xxhashjs": {
      "version": "0.2.2",
      "resolved": "https://registry.npmjs.org/xxhashjs/-/xxhashjs-0.2.2.tgz",
      "integrity": "sha512-AkTuIuVTET12tpsVIQo+ZU6f/qDmKuRUcjaqR+OIvm+aCBsZ95i7UVY5WJ9TMsSaZ0DA2WxoZ4acu0sPH+OKAw==",
      "dependencies": {
        "cuint": "^0.2.2"
      }
    }
  },
  "dependencies": {
    "cuint": {
      "version": "0.2.2",
      "resolved": "https://registry.npmjs.org/cuint/-/cuint-0.2.2.tgz",
      "integrity": "sha512-d4ZVpCW31eWwCMe1YT3ur7mUDnTXbgwyzaL320DrcRT45rfjYxkt5QWLrmOJ+/UEAI2+fQgKe/fCjR8l4TpRgw=="
    },
    "fnv-lite": {
      "version": "1.2.0",
      "resolved": "https://registry.npmjs.org/fnv-lite/-/fnv-lite-1.2.0.tgz",
      "integrity": "sha512-bWOFDuEm1ffmavTjpE8ep+3i1f3X+zy5DcO8Um2rPyWNZn+vV6Pdo1tAnYhTISHxgtF6M8tG1QwWXh+llMUOjQ=="
    },
    "wyhash": {
      "version": "1.0.0",
      "resolved": "https://registry.npmjs.org/wyhash/-/wyhash-1.0.0.tgz",
      "integrity": "sha512-3mxXnm7JQTAkxyWcq+POKqUq1cU+Wd9jyhRdAHz2xGuwL1cGjK/xhr73c+/JljnKYaZmmyq6v0Vv3l6t64w8ZQ=="
    },
    "xxhashjs": {
      "version": "0.2.2",
      "resolved": "https://registry.npmjs.org/xxhashjs/-/xxhashjs-0.2.2.tgz",
      "integrity": "sha512-AkTuIuVTET12tpsVIQo+ZU6f/qDmKuRUcjaqR+OIvm+aCBsZ95i7UVY5WJ9TMsSaZ0DA2WxoZ4acu0sPH+OKAw==",
      "requires": {
        "cuint": "^0.2.2"
      }
    }
  }
}
